lockfileVersion: 5.4

specifiers:
  '@solidjs/router': ^0.5.1

dependencies:
  '@solidjs/router': 0.5.1

packages:

  /@solidjs/router/0.5.1:
    resolution: {integrity: sha512-igyrwUqm/9T26Lb6l7oXwpc4lLUVqbhbN92wOL3NgLoLVmkQlUNTZciuAe+Su8XeJXlrWjl6oxDJDLt+6pws/g==}
    peerDependencies:
      solid-js: ^1.5.3
    dev: false
